# This file was autogenerated by Stack.
# You should not edit this file by hand.
# For more information, please see the documentation at:
#   https://docs.haskellstack.org/en/stable/lock_files

packages:
- completed:
    hackage: aws-lambda-0.1.0.1@sha256:0632a4623cd675c92bf811302e9968e3ad6183713aab50cdc8c39fefb0160c87,2401
    pantry-tree:
      size: 1468
      sha256: 8d7f03f84f3a823bf53c1733e2366aeeff17e23c4069a26d74890987722bb930
  original:
    hackage: aws-lambda-0.1.0.1
- completed:
    hackage: aws-general-0.2.2@sha256:31c405477e21a45430053ad4bc73a96cd31a1a5cebbef9fe47763099e1d375f0,3196
    pantry-tree:
      size: 603
      sha256: 581fdc789c2928c8581431821858d961d777ea87b7df5470369d5af34b58a8ac
  original:
    hackage: aws-general-0.2.2
- completed:
    hackage: ghc-typelits-extra-0.4.1@sha256:ea3f504e032b8e4fa4d5ae1099fce7eeedb49315b20bf2ccd01f6f2ee668cf4d,4815
    pantry-tree:
      size: 682
      sha256: 8e5d285c572712051eb080b4e067af9a8300be1b0c988404e9fa341c2fa68c84
  original:
    hackage: ghc-typelits-extra-0.4.1@sha256:ea3f504e032b8e4fa4d5ae1099fce7eeedb49315b20bf2ccd01f6f2ee668cf4d,4815
- completed:
    hackage: integer-logarithms-1.0.3.1@sha256:888fb6c4fbd79ed2e8f8b94b61bccac25f7fab2b13b32b496e86828bc60b17cf,3184
    pantry-tree:
      size: 865
      sha256: 2acf4af718486ea69edd023edd333f836fdd52a07e2211677b5bf22d78da41db
  original:
    hackage: integer-logarithms-1.0.3.1@sha256:888fb6c4fbd79ed2e8f8b94b61bccac25f7fab2b13b32b496e86828bc60b17cf,3184
- completed:
    hackage: amazonka-lambda-1.6.1@sha256:395f48418da98b6c8853c7751e08464eee7b9140683c0b6f19b54c4b21699b5d,4231
    pantry-tree:
      size: 7461
      sha256: 5689d99657ec128bad74fa506524bc6c5c0309c6e90aeaf4197c317f8b39dbfc
  original:
    hackage: amazonka-lambda-1.6.1
- completed:
    hackage: amazonka-core-1.6.1@sha256:9bc59ce403c6eeba3b3eaf3f10e5f0b6a33b6edbbf8f6de0dd6f4c67b86fa698,5135
    pantry-tree:
      size: 3438
      sha256: c13e643176308771491ec0e06390e269047bb1b28be4535992842f7426a95eb4
  original:
    hackage: amazonka-core-1.6.1
- completed:
    hackage: amazonka-1.6.1@sha256:f58b63e83876f93aa03c54e54b3eb8ba9358af93819d41f4a5a8f8b7d8b8399c,3544
    pantry-tree:
      size: 992
      sha256: d792656a70ee42df262a599bc6608bda069e33092d665c3438a6eeeaf7db4fb2
  original:
    hackage: amazonka-1.6.1@sha256:f58b63e83876f93aa03c54e54b3eb8ba9358af93819d41f4a5a8f8b7d8b8399c,3544
- completed:
    hackage: amazonka-ssm-1.6.1@sha256:9b1c4673dd4a8f713291fb325c2179daab7cc94a962c8e1fab6968bd572c8148,7854
    pantry-tree:
      size: 25252
      sha256: 14a7382ed189d03aaf35adecece88dfaf6c78829c4fbd16f3db7e0df9f7cb39d
  original:
    hackage: amazonka-ssm-1.6.1@sha256:9b1c4673dd4a8f713291fb325c2179daab7cc94a962c8e1fab6968bd572c8148,7854
- completed:
    hackage: telegram-api-0.7.1.0@sha256:89f2b528687570a78e6ff5be2be950e499d1e9929982cef8a7a9fedf9d1e9e62,3951
    pantry-tree:
      size: 2688
      sha256: 8795852475cb40bedd93a33e561e803ef8fefeca785873d106e6b80657b8fa6a
  original:
    hackage: telegram-api-0.7.1.0
- completed:
    hackage: deriving-aeson-0.2.6@sha256:f510b7bcd4e2bf714abf439d992da8a2eea82b9ad0461e2dbc9f3c8ccd948c15,1277
    pantry-tree:
      size: 441
      sha256: 5354f0be689a844f8305cb9b27b01f2e9aad9a9bcae767cab86a6be1a5a885a6
  original:
    hackage: deriving-aeson-0.2.6@sha256:f510b7bcd4e2bf714abf439d992da8a2eea82b9ad0461e2dbc9f3c8ccd948c15,1277
- completed:
    hackage: open-union-0.4.0.0@sha256:1c8f8090054b0974e95e44bed88e74fff956ba2120aade6e8deea92d65ef5e49,3503
    pantry-tree:
      size: 329
      sha256: e01838ec41f7aa2a97aa2c3586c8188c4ad093ba0b2be41229ab7b8dbd33869e
  original:
    hackage: open-union-0.4.0.0@sha256:1c8f8090054b0974e95e44bed88e74fff956ba2120aade6e8deea92d65ef5e49,3503
- completed:
    hackage: servant-client-0.11@sha256:ede9c1aa7b8eccdf1f9d87eaf8538367f299c1f9c97a5594773bed6c06186b70,3474
    pantry-tree:
      size: 942
      sha256: 658496f09c1986352cd1c80e5f3947404c3617a7b293efd18382850cf5dd2206
  original:
    hackage: servant-client-0.11
- completed:
    hackage: http-client-0.7.8@sha256:ed76dcd7edec3aaebe012541ca0a52594405e9b21d69420d26c0223bc4d5dc82,5400
    pantry-tree:
      size: 2459
      sha256: 76613a317255d72133176fccb5f2da9228c36bccd9d587b8a2dd3e5a6491cd48
  original:
    hackage: http-client-0.7.8
- completed:
    hackage: servant-client-core-0.18.2@sha256:99923d4fc7e7f840fd9078729882638e5acdeff015c7073ed320274529648b32,3763
    pantry-tree:
      size: 1444
      sha256: 7e4759baeac1660a1c37de37123c6491766eab7b84eba34463fd2ecf992ae979
  original:
    hackage: servant-client-core-0.18.2
- completed:
    hackage: servant-0.18.2@sha256:709b9e0a4ceea893a98d9a6bf3835763427a6b8366c222599167ed84e41ae838,5484
    pantry-tree:
      size: 2662
      sha256: 89203ad8f8f77e6a4ba5b0686804245243307f36e79841d727c2e4a412c2c3d8
  original:
    hackage: servant-0.18.2
- completed:
    hackage: exceptions-0.10.4@sha256:d2546046d7ba4b460d3bc7fd269cd2c52d0b7fb3cfecc038715dd0881b78a484,2796
    pantry-tree:
      size: 908
      sha256: 47c8edbb62334d318244124ebf8b188c08c8a98befd850ad3931041c10b549ac
  original:
    hackage: exceptions-0.10.4
- completed:
    hackage: basic-0.1.0.0@sha256:a90b6636f079ee7b7dd22f7551242ad0cb1e01f00d30cd3a45b6e74abce0b3ac,1679
    pantry-tree:
      size: 249
      sha256: f0f2add0ff3150f08e1f88b8d8b043225ceec3ad83414366c8a956adafc5b34f
  original:
    hackage: basic-0.1.0.0@sha256:a90b6636f079ee7b7dd22f7551242ad0cb1e01f00d30cd3a45b6e74abce0b3ac,1679
- completed:
    hackage: void-0.7.3@sha256:13d30f62fcdf065e595d679d4ac8b4b0c1bb1a1b73db7b5b5a8f857cb5c8a546,1857
    pantry-tree:
      size: 584
      sha256: 5730b45e857424c97d24ee1cf530be1fc782cd000221ac97b5568be886cbbc2b
  original:
    hackage: void-0.7.3
- completed:
    hackage: text-1.2.3.1@sha256:ceb05f2a77b82bffe58c9ce8d8ad447191e4509bd28c14bf3da610bd6b82a62b,8560
    pantry-tree:
      size: 7456
      sha256: c9b38b60593401bb378b694a42b085d46f74f97d86d39edeb01a616965f2b581
  original:
    hackage: text-1.2.3.1
snapshots:
- completed:
    size: 524996
    url: https://raw.githubusercontent.com/commercialhaskell/stackage-snapshots/master/lts/14/27.yaml
    sha256: 7ea31a280c56bf36ff591a7397cc384d0dff622e7f9e4225b47d8980f019a0f0
  original: lts-14.27
